
Microsoft Visual Studio Solution File, Format Version 12.00
# Visual Studio 15
VisualStudioVersion = 15.0.28307.329
MinimumVisualStudioVersion = 10.0.40219.1
Project("{FAE04EC0-301F-11D3-BF4B-00C04F79EFBC}") = "EventManagement", "EventManagement\EventManagement.csproj", "{3F13F8A9-F034-472D-852E-0EEA956995DF}"
EndProject
Project("{FAE04EC0-301F-11D3-BF4B-00C04F79EFBC}") = "EventManagement.Repository", "EventManagement.Repository\EventManagement.Repository.csproj", "{7B9C3BA8-0684-4B43-9FA6-C68609E565BA}"
EndProject
Project("{FAE04EC0-301F-11D3-BF4B-00C04F79EFBC}") = "EventManagement.BusinessLogic", "EventManagement.BusinessLogic\EventManagement.BusinessLogic.csproj", "{7C815958-C700-45C5-82BC-676EA543221A}"
EndProject
Project("{FAE04EC0-301F-11D3-BF4B-00C04F79EFBC}") = "EventManagement.Service", "EventManagement.Service\EventManagement.Service.csproj", "{B5E1820A-E4AF-4215-BD0B-D31A0B35432B}"
EndProject
Project("{FAE04EC0-301F-11D3-BF4B-00C04F79EFBC}") = "EventManagement.Domain", "EventManagement.Domain\EventManagement.Domain.csproj", "{2F3BEF7A-80C9-4F6F-AFFC-459F6F8EF935}"
EndProject
Global
	GlobalSection(SolutionConfigurationPlatforms) = preSolution
		Debug|Any CPU = Debug|Any CPU
		Release|Any CPU = Release|Any CPU
	EndGlobalSection
	GlobalSection(ProjectConfigurationPlatforms) = postSolution
		{3F13F8A9-F034-472D-852E-0EEA956995DF}.Debug|Any CPU.ActiveCfg = Debug|Any CPU
		{3F13F8A9-F034-472D-852E-0EEA956995DF}.Debug|Any CPU.Build.0 = Debug|Any CPU
		{3F13F8A9-F034-472D-852E-0EEA956995DF}.Release|Any CPU.ActiveCfg = Release|Any CPU
		{3F13F8A9-F034-472D-852E-0EEA956995DF}.Release|Any CPU.Build.0 = Release|Any CPU
		{7B9C3BA8-0684-4B43-9FA6-C68609E565BA}.Debug|Any CPU.ActiveCfg = Debug|Any CPU
		{7B9C3BA8-0684-4B43-9FA6-C68609E565BA}.Debug|Any CPU.Build.0 = Debug|Any CPU
		{7B9C3BA8-0684-4B43-9FA6-C68609E565BA}.Release|Any CPU.ActiveCfg = Release|Any CPU
		{7B9C3BA8-0684-4B43-9FA6-C68609E565BA}.Release|Any CPU.Build.0 = Release|Any CPU
		{7C815958-C700-45C5-82BC-676EA543221A}.Debug|Any CPU.ActiveCfg = Debug|Any CPU
		{7C815958-C700-45C5-82BC-676EA543221A}.Debug|Any CPU.Build.0 = Debug|Any CPU
		{7C815958-C700-45C5-82BC-676EA543221A}.Release|Any CPU.ActiveCfg = Release|Any CPU
		{7C815958-C700-45C5-82BC-676EA543221A}.Release|Any CPU.Build.0 = Release|Any CPU
		{B5E1820A-E4AF-4215-BD0B-D31A0B35432B}.Debug|Any CPU.ActiveCfg = Debug|Any CPU
		{B5E1820A-E4AF-4215-BD0B-D31A0B35432B}.Debug|Any CPU.Build.0 = Debug|Any CPU
		{B5E1820A-E4AF-4215-BD0B-D31A0B35432B}.Release|Any CPU.ActiveCfg = Release|Any CPU
		{B5E1820A-E4AF-4215-BD0B-D31A0B35432B}.Release|Any CPU.Build.0 = Release|Any CPU
		{2F3BEF7A-80C9-4F6F-AFFC-459F6F8EF935}.Debug|Any CPU.ActiveCfg = Debug|Any CPU
		{2F3BEF7A-80C9-4F6F-AFFC-459F6F8EF935}.Debug|Any CPU.Build.0 = Debug|Any CPU
		{2F3BEF7A-80C9-4F6F-AFFC-459F6F8EF935}.Release|Any CPU.ActiveCfg = Release|Any CPU
		{2F3BEF7A-80C9-4F6F-AFFC-459F6F8EF935}.Release|Any CPU.Build.0 = Release|Any CPU
	EndGlobalSection
	GlobalSection(SolutionProperties) = preSolution
		HideSolutionNode = FALSE
	EndGlobalSection
	GlobalSection(ExtensibilityGlobals) = postSolution
		SolutionGuid = {87F90D24-41A6-440E-934B-8A624C325ED9}
	EndGlobalSection
EndGlobal
